
Microsoft Visual Studio Solution File, Format Version 12.00
# Visual Studio 2012
Project("{FAE04EC0-301F-11D3-BF4B-00C04F79EFBC}") = "Cache_UsingMemoryCache", "Cache_UsingMemoryCache\Cache_UsingMemoryCache.csproj", "{58F5E907-93D9-48C6-9F86-BF0F7FC27650}"
EndProject
Project("{FAE04EC0-301F-11D3-BF4B-00C04F79EFBC}") = "WebAppExample", "WebAppExample\WebAppExample.csproj", "{96B3DFD4-B48F-4BBB-A34F-83FEA13FDEB3}"
EndProject
Global
	GlobalSection(SolutionConfigurationPlatforms) = preSolution
		Debug|Any CPU = Debug|Any CPU
		Release|Any CPU = Release|Any CPU
	EndGlobalSection
	GlobalSection(ProjectConfigurationPlatforms) = postSolution
		{58F5E907-93D9-48C6-9F86-BF0F7FC27650}.Debug|Any CPU.ActiveCfg = Debug|Any CPU
		{58F5E907-93D9-48C6-9F86-BF0F7FC27650}.Debug|Any CPU.Build.0 = Debug|Any CPU
		{58F5E907-93D9-48C6-9F86-BF0F7FC27650}.Release|Any CPU.ActiveCfg = Release|Any CPU
		{58F5E907-93D9-48C6-9F86-BF0F7FC27650}.Release|Any CPU.Build.0 = Release|Any CPU
		{96B3DFD4-B48F-4BBB-A34F-83FEA13FDEB3}.Debug|Any CPU.ActiveCfg = Debug|Any CPU
		{96B3DFD4-B48F-4BBB-A34F-83FEA13FDEB3}.Debug|Any CPU.Build.0 = Debug|Any CPU
		{96B3DFD4-B48F-4BBB-A34F-83FEA13FDEB3}.Release|Any CPU.ActiveCfg = Release|Any CPU
		{96B3DFD4-B48F-4BBB-A34F-83FEA13FDEB3}.Release|Any CPU.Build.0 = Release|Any CPU
	EndGlobalSection
	GlobalSection(SolutionProperties) = preSolution
		HideSolutionNode = FALSE
	EndGlobalSection
EndGlobal
