
Microsoft Visual Studio Solution File, Format Version 12.00
# Visual Studio 2012
Project("{FAE04EC0-301F-11D3-BF4B-00C04F79EFBC}") = "DataLayer", "DataLayer\DataLayer.csproj", "{B553868D-9DD1-4FA5-9DC0-2CF5834ACB5C}"
EndProject
Project("{FAE04EC0-301F-11D3-BF4B-00C04F79EFBC}") = "WebApp", "WebApp\WebApp.csproj", "{9617A779-83E7-4574-90FF-C4BF83867D1E}"
EndProject
Project("{FAE04EC0-301F-11D3-BF4B-00C04F79EFBC}") = "Domain", "Domain\Domain.csproj", "{ECFAFA48-5B99-40F8-9D98-7E51C4D1A22C}"
EndProject
Global
	GlobalSection(SolutionConfigurationPlatforms) = preSolution
		Debug|Any CPU = Debug|Any CPU
		Release|Any CPU = Release|Any CPU
	EndGlobalSection
	GlobalSection(ProjectConfigurationPlatforms) = postSolution
		{B553868D-9DD1-4FA5-9DC0-2CF5834ACB5C}.Debug|Any CPU.ActiveCfg = Debug|Any CPU
		{B553868D-9DD1-4FA5-9DC0-2CF5834ACB5C}.Debug|Any CPU.Build.0 = Debug|Any CPU
		{B553868D-9DD1-4FA5-9DC0-2CF5834ACB5C}.Release|Any CPU.ActiveCfg = Release|Any CPU
		{B553868D-9DD1-4FA5-9DC0-2CF5834ACB5C}.Release|Any CPU.Build.0 = Release|Any CPU
		{9617A779-83E7-4574-90FF-C4BF83867D1E}.Debug|Any CPU.ActiveCfg = Debug|Any CPU
		{9617A779-83E7-4574-90FF-C4BF83867D1E}.Debug|Any CPU.Build.0 = Debug|Any CPU
		{9617A779-83E7-4574-90FF-C4BF83867D1E}.Release|Any CPU.ActiveCfg = Release|Any CPU
		{9617A779-83E7-4574-90FF-C4BF83867D1E}.Release|Any CPU.Build.0 = Release|Any CPU
		{ECFAFA48-5B99-40F8-9D98-7E51C4D1A22C}.Debug|Any CPU.ActiveCfg = Debug|Any CPU
		{ECFAFA48-5B99-40F8-9D98-7E51C4D1A22C}.Debug|Any CPU.Build.0 = Debug|Any CPU
		{ECFAFA48-5B99-40F8-9D98-7E51C4D1A22C}.Release|Any CPU.ActiveCfg = Release|Any CPU
		{ECFAFA48-5B99-40F8-9D98-7E51C4D1A22C}.Release|Any CPU.Build.0 = Release|Any CPU
	EndGlobalSection
	GlobalSection(SolutionProperties) = preSolution
		HideSolutionNode = FALSE
	EndGlobalSection
EndGlobal
