
Microsoft Visual Studio Solution File, Format Version 12.00
# Visual Studio 2013
VisualStudioVersion = 12.0.30501.0
MinimumVisualStudioVersion = 10.0.40219.1
Project("{FAE04EC0-301F-11D3-BF4B-00C04F79EFBC}") = "Base.SinglePageApplication", "Demo.Optimization.Web\Base.SinglePageApplication.csproj", "{6888E0BF-A9F8-4991-812F-576C87197908}"
EndProject
Project("{2150E333-8FDC-42A3-9474-1A3956D46DE8}") = ".nuget", ".nuget", "{269E670E-876F-4672-9DE6-B3B4D11D370F}"
	ProjectSection(SolutionItems) = preProject
		.nuget\NuGet.Config = .nuget\NuGet.Config
		.nuget\NuGet.exe = .nuget\NuGet.exe
		.nuget\NuGet.targets = .nuget\NuGet.targets
	EndProjectSection
EndProject
Project("{FAE04EC0-301F-11D3-BF4B-00C04F79EFBC}") = "Base.Domain", "Base.Domain\Base.Domain.csproj", "{09F83F86-B912-48E7-A46E-B57DDCF9B83C}"
EndProject
Project("{FAE04EC0-301F-11D3-BF4B-00C04F79EFBC}") = "Base.Business", "Base.Business\Base.Business.csproj", "{0A17B126-A37E-4233-9371-EC75F09BE27E}"
EndProject
Project("{FAE04EC0-301F-11D3-BF4B-00C04F79EFBC}") = "Base.Data", "Base.Data\Base.Data.csproj", "{3BA8B18C-E77D-4924-A29F-F636A4E88CE4}"
EndProject
Project("{FAE04EC0-301F-11D3-BF4B-00C04F79EFBC}") = "Base.Core", "Base.Core\Base.Core.csproj", "{1AC0801C-8937-45A2-9EE1-C5CCAFAA66CB}"
EndProject
Global
	GlobalSection(SolutionConfigurationPlatforms) = preSolution
		Debug|Any CPU = Debug|Any CPU
		Release|Any CPU = Release|Any CPU
	EndGlobalSection
	GlobalSection(ProjectConfigurationPlatforms) = postSolution
		{6888E0BF-A9F8-4991-812F-576C87197908}.Debug|Any CPU.ActiveCfg = Debug|Any CPU
		{6888E0BF-A9F8-4991-812F-576C87197908}.Debug|Any CPU.Build.0 = Debug|Any CPU
		{6888E0BF-A9F8-4991-812F-576C87197908}.Release|Any CPU.ActiveCfg = Release|Any CPU
		{6888E0BF-A9F8-4991-812F-576C87197908}.Release|Any CPU.Build.0 = Release|Any CPU
		{09F83F86-B912-48E7-A46E-B57DDCF9B83C}.Debug|Any CPU.ActiveCfg = Debug|Any CPU
		{09F83F86-B912-48E7-A46E-B57DDCF9B83C}.Debug|Any CPU.Build.0 = Debug|Any CPU
		{09F83F86-B912-48E7-A46E-B57DDCF9B83C}.Release|Any CPU.ActiveCfg = Release|Any CPU
		{09F83F86-B912-48E7-A46E-B57DDCF9B83C}.Release|Any CPU.Build.0 = Release|Any CPU
		{0A17B126-A37E-4233-9371-EC75F09BE27E}.Debug|Any CPU.ActiveCfg = Debug|Any CPU
		{0A17B126-A37E-4233-9371-EC75F09BE27E}.Debug|Any CPU.Build.0 = Debug|Any CPU
		{0A17B126-A37E-4233-9371-EC75F09BE27E}.Release|Any CPU.ActiveCfg = Release|Any CPU
		{0A17B126-A37E-4233-9371-EC75F09BE27E}.Release|Any CPU.Build.0 = Release|Any CPU
		{3BA8B18C-E77D-4924-A29F-F636A4E88CE4}.Debug|Any CPU.ActiveCfg = Debug|Any CPU
		{3BA8B18C-E77D-4924-A29F-F636A4E88CE4}.Debug|Any CPU.Build.0 = Debug|Any CPU
		{3BA8B18C-E77D-4924-A29F-F636A4E88CE4}.Release|Any CPU.ActiveCfg = Release|Any CPU
		{3BA8B18C-E77D-4924-A29F-F636A4E88CE4}.Release|Any CPU.Build.0 = Release|Any CPU
		{1AC0801C-8937-45A2-9EE1-C5CCAFAA66CB}.Debug|Any CPU.ActiveCfg = Debug|Any CPU
		{1AC0801C-8937-45A2-9EE1-C5CCAFAA66CB}.Debug|Any CPU.Build.0 = Debug|Any CPU
		{1AC0801C-8937-45A2-9EE1-C5CCAFAA66CB}.Release|Any CPU.ActiveCfg = Release|Any CPU
		{1AC0801C-8937-45A2-9EE1-C5CCAFAA66CB}.Release|Any CPU.Build.0 = Release|Any CPU
	EndGlobalSection
	GlobalSection(SolutionProperties) = preSolution
		HideSolutionNode = FALSE
	EndGlobalSection
EndGlobal
